
Microsoft Visual Studio Solution File, Format Version 12.00
# Visual Studio Version 17
VisualStudioVersion = 17.7.34031.279
MinimumVisualStudioVersion = 10.0.40219.1
Project("{8BC9CEB8-8B4A-11D0-8D11-00A0C91BC942}") = "Schleifen 4", "Schleifen 4\Schleifen 4.vcxproj", "{4B368322-0D55-4AD8-9B4E-57F7A77C027C}"
EndProject
Project("{8BC9CEB8-8B4A-11D0-8D11-00A0C91BC942}") = "Schleifen 5", "Aufgabe 5\Aufgabe 5.vcxproj", "{400B5B5E-703F-4F95-A02D-08790ED903D0}"
EndProject
Project("{8BC9CEB8-8B4A-11D0-8D11-00A0C91BC942}") = "Schleifen 6 and 7", "Schleifen 6\Schleifen 6.vcxproj", "{3EE8B93A-6126-46E3-B235-B0895C2DBDB4}"
EndProject
Project("{8BC9CEB8-8B4A-11D0-8D11-00A0C91BC942}") = "Schleifen 8", "Schleife 8\Schleife 8.vcxproj", "{BFD127FD-D1EE-497F-91AD-10B535E6EF08}"
EndProject
Project("{8BC9CEB8-8B4A-11D0-8D11-00A0C91BC942}") = "Schleifen 9", "Schleife 9\Schleife 9.vcxproj", "{0AC0A95E-0CA7-4F74-8EAB-28221531F96F}"
EndProject
Project("{8BC9CEB8-8B4A-11D0-8D11-00A0C91BC942}") = "Arrays 1", "Arrays 1\Arrays 1.vcxproj", "{A95BB630-B4A6-4DD3-9050-6CA6A13C42CC}"
EndProject
Project("{8BC9CEB8-8B4A-11D0-8D11-00A0C91BC942}") = "Arrays 2", "Arrays 2\Arrays 2.vcxproj", "{8096BA78-24A7-4DEF-BC12-267F667C17A3}"
EndProject
Project("{8BC9CEB8-8B4A-11D0-8D11-00A0C91BC942}") = "Arrays 3", "Arrays 3\Arrays 3.vcxproj", "{11533F95-CB00-456F-B52F-866BC56072ED}"
EndProject
Project("{8BC9CEB8-8B4A-11D0-8D11-00A0C91BC942}") = "Arrays 4", "Arrays 4\Arrays 4.vcxproj", "{EA022262-8D39-4EEF-8689-EFCE6D13F4E8}"
EndProject
Project("{8BC9CEB8-8B4A-11D0-8D11-00A0C91BC942}") = "Arrays 5", "Arrays 5\Arrays 5.vcxproj", "{44312BDF-F02B-49A8-B4B5-AA530EAB8B1A}"
EndProject
Project("{8BC9CEB8-8B4A-11D0-8D11-00A0C91BC942}") = "Arrays 6", "Arrays 6\Arrays 6.vcxproj", "{40F79241-875B-4785-9EBB-DAADA2929A31}"
EndProject
Project("{8BC9CEB8-8B4A-11D0-8D11-00A0C91BC942}") = "Arrays 7", "Arrays 7\Arrays 7.vcxproj", "{AD57D21E-A2BA-4EBF-811A-9596962546D3}"
EndProject
Project("{8BC9CEB8-8B4A-11D0-8D11-00A0C91BC942}") = "Arrays 8", "Arrays 8\Arrays 8.vcxproj", "{589E2F11-BE2C-4D0B-9214-0C724D61CDEA}"
EndProject
Project("{8BC9CEB8-8B4A-11D0-8D11-00A0C91BC942}") = "Arrays 9", "Arrays 9\Arrays 9.vcxproj", "{4560A6BA-EE63-49DC-8802-13852403C6DA}"
EndProject
Project("{8BC9CEB8-8B4A-11D0-8D11-00A0C91BC942}") = "Pointer 1", "Pointer 1\Pointer 1.vcxproj", "{6E75714C-0586-4E3A-A157-8B1D9FBFB9A7}"
EndProject
Project("{8BC9CEB8-8B4A-11D0-8D11-00A0C91BC942}") = "Funktionen 11", "Funktionen 11\Funktionen 11.vcxproj", "{DF098B29-C321-4329-AFB9-E563CE215A3A}"
EndProject
Project("{8BC9CEB8-8B4A-11D0-8D11-00A0C91BC942}") = "Funktionen 2", "Funktionen 2\Funktionen 2.vcxproj", "{AAC87D13-B971-4B40-9E93-058907265A8D}"
EndProject
Project("{8BC9CEB8-8B4A-11D0-8D11-00A0C91BC942}") = "Pass By Reference 1", "Pass By Reference 1\Pass By Reference 1.vcxproj", "{6752F727-1370-43FD-AC4E-10C033283337}"
EndProject
Project("{8BC9CEB8-8B4A-11D0-8D11-00A0C91BC942}") = "Pass By Reference 2", "Pass By Reference 2\Pass By Reference 2.vcxproj", "{096310CA-DE53-40E5-BEB3-1CF50A3F9605}"
EndProject
Project("{8BC9CEB8-8B4A-11D0-8D11-00A0C91BC942}") = "Pass By Reference 3", "Pass By Reference 3\Pass By Reference 3.vcxproj", "{4ABB6813-F2D8-40E9-85CA-96DC07DC3492}"
EndProject
Project("{8BC9CEB8-8B4A-11D0-8D11-00A0C91BC942}") = "Pass By Reference 4", "Pass By Reference 4\Pass By Reference 4.vcxproj", "{EA5D4FDB-7AFF-438C-80B3-C9F7CAF45D06}"
EndProject
Project("{8BC9CEB8-8B4A-11D0-8D11-00A0C91BC942}") = "Pass By Reference 5", "Pass By Reference 5\Pass By Reference 5.vcxproj", "{8329C6B1-9526-417D-893B-041F9362E269}"
EndProject
Project("{8BC9CEB8-8B4A-11D0-8D11-00A0C91BC942}") = "Rekursion 1", "Rekursion 1\Rekursion 1.vcxproj", "{F6E8C729-784A-46B1-A9F6-095E12EC84CF}"
EndProject
Project("{8BC9CEB8-8B4A-11D0-8D11-00A0C91BC942}") = "Rekursion 2", "Rekursion 2\Rekursion 2.vcxproj", "{5CDD8E5B-DB66-4A3B-92EF-D37E939D3464}"
EndProject
Project("{8BC9CEB8-8B4A-11D0-8D11-00A0C91BC942}") = "Rekursion 3", "Rekursion 3\Rekursion 3.vcxproj", "{95929D8B-6A62-416D-AEE9-778180DCA2ED}"
EndProject
Project("{8BC9CEB8-8B4A-11D0-8D11-00A0C91BC942}") = "Rekursion 4", "Rekursion 4\Rekursion 4.vcxproj", "{B7DA6135-834F-4863-A9E4-9E362AE5E1B4}"
EndProject
Project("{8BC9CEB8-8B4A-11D0-8D11-00A0C91BC942}") = "Rekursion 5", "Rekursion 5\Rekursion 5.vcxproj", "{C1E1A650-5A82-4EAC-B0F8-5067CEBEAA48}"
EndProject
Project("{8BC9CEB8-8B4A-11D0-8D11-00A0C91BC942}") = "Rekursion 6", "Rekursion 6\Rekursion 6.vcxproj", "{1D0A9213-F987-451F-A141-88C2339043D5}"
EndProject
Project("{8BC9CEB8-8B4A-11D0-8D11-00A0C91BC942}") = "Rekursion 7", "Rekursion 7\Rekursion 7.vcxproj", "{F6302754-08CB-4B0B-A8D3-1EEADE9BEB72}"
EndProject
Project("{8BC9CEB8-8B4A-11D0-8D11-00A0C91BC942}") = "Weihnachtsbaum", "Weihnachtsbaum\Weihnachtsbaum.vcxproj", "{6A96D92D-8DE6-4074-8DF8-892A2BAB2FDF}"
EndProject
Project("{8BC9CEB8-8B4A-11D0-8D11-00A0C91BC942}") = "Weihnachtsbaum Testing", "Weihnachtsbaum Testing\Weihnachtsbaum Testing.vcxproj", "{EEE0E171-FDC6-4C79-94BA-875B871B9FC8}"
EndProject
Global
	GlobalSection(SolutionConfigurationPlatforms) = preSolution
		Debug|x64 = Debug|x64
		Debug|x86 = Debug|x86
		Release|x64 = Release|x64
		Release|x86 = Release|x86
	EndGlobalSection
	GlobalSection(ProjectConfigurationPlatforms) = postSolution
		{4B368322-0D55-4AD8-9B4E-57F7A77C027C}.Debug|x64.ActiveCfg = Debug|x64
		{4B368322-0D55-4AD8-9B4E-57F7A77C027C}.Debug|x64.Build.0 = Debug|x64
		{4B368322-0D55-4AD8-9B4E-57F7A77C027C}.Debug|x86.ActiveCfg = Debug|Win32
		{4B368322-0D55-4AD8-9B4E-57F7A77C027C}.Debug|x86.Build.0 = Debug|Win32
		{4B368322-0D55-4AD8-9B4E-57F7A77C027C}.Release|x64.ActiveCfg = Release|x64
		{4B368322-0D55-4AD8-9B4E-57F7A77C027C}.Release|x64.Build.0 = Release|x64
		{4B368322-0D55-4AD8-9B4E-57F7A77C027C}.Release|x86.ActiveCfg = Release|Win32
		{4B368322-0D55-4AD8-9B4E-57F7A77C027C}.Release|x86.Build.0 = Release|Win32
		{400B5B5E-703F-4F95-A02D-08790ED903D0}.Debug|x64.ActiveCfg = Debug|x64
		{400B5B5E-703F-4F95-A02D-08790ED903D0}.Debug|x64.Build.0 = Debug|x64
		{400B5B5E-703F-4F95-A02D-08790ED903D0}.Debug|x86.ActiveCfg = Debug|Win32
		{400B5B5E-703F-4F95-A02D-08790ED903D0}.Debug|x86.Build.0 = Debug|Win32
		{400B5B5E-703F-4F95-A02D-08790ED903D0}.Release|x64.ActiveCfg = Release|x64
		{400B5B5E-703F-4F95-A02D-08790ED903D0}.Release|x64.Build.0 = Release|x64
		{400B5B5E-703F-4F95-A02D-08790ED903D0}.Release|x86.ActiveCfg = Release|Win32
		{400B5B5E-703F-4F95-A02D-08790ED903D0}.Release|x86.Build.0 = Release|Win32
		{3EE8B93A-6126-46E3-B235-B0895C2DBDB4}.Debug|x64.ActiveCfg = Debug|x64
		{3EE8B93A-6126-46E3-B235-B0895C2DBDB4}.Debug|x64.Build.0 = Debug|x64
		{3EE8B93A-6126-46E3-B235-B0895C2DBDB4}.Debug|x86.ActiveCfg = Debug|Win32
		{3EE8B93A-6126-46E3-B235-B0895C2DBDB4}.Debug|x86.Build.0 = Debug|Win32
		{3EE8B93A-6126-46E3-B235-B0895C2DBDB4}.Release|x64.ActiveCfg = Release|x64
		{3EE8B93A-6126-46E3-B235-B0895C2DBDB4}.Release|x64.Build.0 = Release|x64
		{3EE8B93A-6126-46E3-B235-B0895C2DBDB4}.Release|x86.ActiveCfg = Release|Win32
		{3EE8B93A-6126-46E3-B235-B0895C2DBDB4}.Release|x86.Build.0 = Release|Win32
		{BFD127FD-D1EE-497F-91AD-10B535E6EF08}.Debug|x64.ActiveCfg = Debug|x64
		{BFD127FD-D1EE-497F-91AD-10B535E6EF08}.Debug|x64.Build.0 = Debug|x64
		{BFD127FD-D1EE-497F-91AD-10B535E6EF08}.Debug|x86.ActiveCfg = Debug|Win32
		{BFD127FD-D1EE-497F-91AD-10B535E6EF08}.Debug|x86.Build.0 = Debug|Win32
		{BFD127FD-D1EE-497F-91AD-10B535E6EF08}.Release|x64.ActiveCfg = Release|x64
		{BFD127FD-D1EE-497F-91AD-10B535E6EF08}.Release|x64.Build.0 = Release|x64
		{BFD127FD-D1EE-497F-91AD-10B535E6EF08}.Release|x86.ActiveCfg = Release|Win32
		{BFD127FD-D1EE-497F-91AD-10B535E6EF08}.Release|x86.Build.0 = Release|Win32
		{0AC0A95E-0CA7-4F74-8EAB-28221531F96F}.Debug|x64.ActiveCfg = Debug|x64
		{0AC0A95E-0CA7-4F74-8EAB-28221531F96F}.Debug|x64.Build.0 = Debug|x64
		{0AC0A95E-0CA7-4F74-8EAB-28221531F96F}.Debug|x86.ActiveCfg = Debug|Win32
		{0AC0A95E-0CA7-4F74-8EAB-28221531F96F}.Debug|x86.Build.0 = Debug|Win32
		{0AC0A95E-0CA7-4F74-8EAB-28221531F96F}.Release|x64.ActiveCfg = Release|x64
		{0AC0A95E-0CA7-4F74-8EAB-28221531F96F}.Release|x64.Build.0 = Release|x64
		{0AC0A95E-0CA7-4F74-8EAB-28221531F96F}.Release|x86.ActiveCfg = Release|Win32
		{0AC0A95E-0CA7-4F74-8EAB-28221531F96F}.Release|x86.Build.0 = Release|Win32
		{A95BB630-B4A6-4DD3-9050-6CA6A13C42CC}.Debug|x64.ActiveCfg = Debug|x64
		{A95BB630-B4A6-4DD3-9050-6CA6A13C42CC}.Debug|x64.Build.0 = Debug|x64
		{A95BB630-B4A6-4DD3-9050-6CA6A13C42CC}.Debug|x86.ActiveCfg = Debug|Win32
		{A95BB630-B4A6-4DD3-9050-6CA6A13C42CC}.Debug|x86.Build.0 = Debug|Win32
		{A95BB630-B4A6-4DD3-9050-6CA6A13C42CC}.Release|x64.ActiveCfg = Release|x64
		{A95BB630-B4A6-4DD3-9050-6CA6A13C42CC}.Release|x64.Build.0 = Release|x64
		{A95BB630-B4A6-4DD3-9050-6CA6A13C42CC}.Release|x86.ActiveCfg = Release|Win32
		{A95BB630-B4A6-4DD3-9050-6CA6A13C42CC}.Release|x86.Build.0 = Release|Win32
		{8096BA78-24A7-4DEF-BC12-267F667C17A3}.Debug|x64.ActiveCfg = Debug|x64
		{8096BA78-24A7-4DEF-BC12-267F667C17A3}.Debug|x64.Build.0 = Debug|x64
		{8096BA78-24A7-4DEF-BC12-267F667C17A3}.Debug|x86.ActiveCfg = Debug|Win32
		{8096BA78-24A7-4DEF-BC12-267F667C17A3}.Debug|x86.Build.0 = Debug|Win32
		{8096BA78-24A7-4DEF-BC12-267F667C17A3}.Release|x64.ActiveCfg = Release|x64
		{8096BA78-24A7-4DEF-BC12-267F667C17A3}.Release|x64.Build.0 = Release|x64
		{8096BA78-24A7-4DEF-BC12-267F667C17A3}.Release|x86.ActiveCfg = Release|Win32
		{8096BA78-24A7-4DEF-BC12-267F667C17A3}.Release|x86.Build.0 = Release|Win32
		{11533F95-CB00-456F-B52F-866BC56072ED}.Debug|x64.ActiveCfg = Debug|x64
		{11533F95-CB00-456F-B52F-866BC56072ED}.Debug|x64.Build.0 = Debug|x64
		{11533F95-CB00-456F-B52F-866BC56072ED}.Debug|x86.ActiveCfg = Debug|Win32
		{11533F95-CB00-456F-B52F-866BC56072ED}.Debug|x86.Build.0 = Debug|Win32
		{11533F95-CB00-456F-B52F-866BC56072ED}.Release|x64.ActiveCfg = Release|x64
		{11533F95-CB00-456F-B52F-866BC56072ED}.Release|x64.Build.0 = Release|x64
		{11533F95-CB00-456F-B52F-866BC56072ED}.Release|x86.ActiveCfg = Release|Win32
		{11533F95-CB00-456F-B52F-866BC56072ED}.Release|x86.Build.0 = Release|Win32
		{EA022262-8D39-4EEF-8689-EFCE6D13F4E8}.Debug|x64.ActiveCfg = Debug|x64
		{EA022262-8D39-4EEF-8689-EFCE6D13F4E8}.Debug|x64.Build.0 = Debug|x64
		{EA022262-8D39-4EEF-8689-EFCE6D13F4E8}.Debug|x86.ActiveCfg = Debug|Win32
		{EA022262-8D39-4EEF-8689-EFCE6D13F4E8}.Debug|x86.Build.0 = Debug|Win32
		{EA022262-8D39-4EEF-8689-EFCE6D13F4E8}.Release|x64.ActiveCfg = Release|x64
		{EA022262-8D39-4EEF-8689-EFCE6D13F4E8}.Release|x64.Build.0 = Release|x64
		{EA022262-8D39-4EEF-8689-EFCE6D13F4E8}.Release|x86.ActiveCfg = Release|Win32
		{EA022262-8D39-4EEF-8689-EFCE6D13F4E8}.Release|x86.Build.0 = Release|Win32
		{44312BDF-F02B-49A8-B4B5-AA530EAB8B1A}.Debug|x64.ActiveCfg = Debug|x64
		{44312BDF-F02B-49A8-B4B5-AA530EAB8B1A}.Debug|x64.Build.0 = Debug|x64
		{44312BDF-F02B-49A8-B4B5-AA530EAB8B1A}.Debug|x86.ActiveCfg = Debug|Win32
		{44312BDF-F02B-49A8-B4B5-AA530EAB8B1A}.Debug|x86.Build.0 = Debug|Win32
		{44312BDF-F02B-49A8-B4B5-AA530EAB8B1A}.Release|x64.ActiveCfg = Release|x64
		{44312BDF-F02B-49A8-B4B5-AA530EAB8B1A}.Release|x64.Build.0 = Release|x64
		{44312BDF-F02B-49A8-B4B5-AA530EAB8B1A}.Release|x86.ActiveCfg = Release|Win32
		{44312BDF-F02B-49A8-B4B5-AA530EAB8B1A}.Release|x86.Build.0 = Release|Win32
		{40F79241-875B-4785-9EBB-DAADA2929A31}.Debug|x64.ActiveCfg = Debug|x64
		{40F79241-875B-4785-9EBB-DAADA2929A31}.Debug|x64.Build.0 = Debug|x64
		{40F79241-875B-4785-9EBB-DAADA2929A31}.Debug|x86.ActiveCfg = Debug|Win32
		{40F79241-875B-4785-9EBB-DAADA2929A31}.Debug|x86.Build.0 = Debug|Win32
		{40F79241-875B-4785-9EBB-DAADA2929A31}.Release|x64.ActiveCfg = Release|x64
		{40F79241-875B-4785-9EBB-DAADA2929A31}.Release|x64.Build.0 = Release|x64
		{40F79241-875B-4785-9EBB-DAADA2929A31}.Release|x86.ActiveCfg = Release|Win32
		{40F79241-875B-4785-9EBB-DAADA2929A31}.Release|x86.Build.0 = Release|Win32
		{AD57D21E-A2BA-4EBF-811A-9596962546D3}.Debug|x64.ActiveCfg = Debug|x64
		{AD57D21E-A2BA-4EBF-811A-9596962546D3}.Debug|x64.Build.0 = Debug|x64
		{AD57D21E-A2BA-4EBF-811A-9596962546D3}.Debug|x86.ActiveCfg = Debug|Win32
		{AD57D21E-A2BA-4EBF-811A-9596962546D3}.Debug|x86.Build.0 = Debug|Win32
		{AD57D21E-A2BA-4EBF-811A-9596962546D3}.Release|x64.ActiveCfg = Release|x64
		{AD57D21E-A2BA-4EBF-811A-9596962546D3}.Release|x64.Build.0 = Release|x64
		{AD57D21E-A2BA-4EBF-811A-9596962546D3}.Release|x86.ActiveCfg = Release|Win32
		{AD57D21E-A2BA-4EBF-811A-9596962546D3}.Release|x86.Build.0 = Release|Win32
		{589E2F11-BE2C-4D0B-9214-0C724D61CDEA}.Debug|x64.ActiveCfg = Debug|x64
		{589E2F11-BE2C-4D0B-9214-0C724D61CDEA}.Debug|x64.Build.0 = Debug|x64
		{589E2F11-BE2C-4D0B-9214-0C724D61CDEA}.Debug|x86.ActiveCfg = Debug|Win32
		{589E2F11-BE2C-4D0B-9214-0C724D61CDEA}.Debug|x86.Build.0 = Debug|Win32
		{589E2F11-BE2C-4D0B-9214-0C724D61CDEA}.Release|x64.ActiveCfg = Release|x64
		{589E2F11-BE2C-4D0B-9214-0C724D61CDEA}.Release|x64.Build.0 = Release|x64
		{589E2F11-BE2C-4D0B-9214-0C724D61CDEA}.Release|x86.ActiveCfg = Release|Win32
		{589E2F11-BE2C-4D0B-9214-0C724D61CDEA}.Release|x86.Build.0 = Release|Win32
		{4560A6BA-EE63-49DC-8802-13852403C6DA}.Debug|x64.ActiveCfg = Debug|x64
		{4560A6BA-EE63-49DC-8802-13852403C6DA}.Debug|x64.Build.0 = Debug|x64
		{4560A6BA-EE63-49DC-8802-13852403C6DA}.Debug|x86.ActiveCfg = Debug|Win32
		{4560A6BA-EE63-49DC-8802-13852403C6DA}.Debug|x86.Build.0 = Debug|Win32
		{4560A6BA-EE63-49DC-8802-13852403C6DA}.Release|x64.ActiveCfg = Release|x64
		{4560A6BA-EE63-49DC-8802-13852403C6DA}.Release|x64.Build.0 = Release|x64
		{4560A6BA-EE63-49DC-8802-13852403C6DA}.Release|x86.ActiveCfg = Release|Win32
		{4560A6BA-EE63-49DC-8802-13852403C6DA}.Release|x86.Build.0 = Release|Win32
		{6E75714C-0586-4E3A-A157-8B1D9FBFB9A7}.Debug|x64.ActiveCfg = Debug|x64
		{6E75714C-0586-4E3A-A157-8B1D9FBFB9A7}.Debug|x64.Build.0 = Debug|x64
		{6E75714C-0586-4E3A-A157-8B1D9FBFB9A7}.Debug|x86.ActiveCfg = Debug|Win32
		{6E75714C-0586-4E3A-A157-8B1D9FBFB9A7}.Debug|x86.Build.0 = Debug|Win32
		{6E75714C-0586-4E3A-A157-8B1D9FBFB9A7}.Release|x64.ActiveCfg = Release|x64
		{6E75714C-0586-4E3A-A157-8B1D9FBFB9A7}.Release|x64.Build.0 = Release|x64
		{6E75714C-0586-4E3A-A157-8B1D9FBFB9A7}.Release|x86.ActiveCfg = Release|Win32
		{6E75714C-0586-4E3A-A157-8B1D9FBFB9A7}.Release|x86.Build.0 = Release|Win32
		{DF098B29-C321-4329-AFB9-E563CE215A3A}.Debug|x64.ActiveCfg = Debug|x64
		{DF098B29-C321-4329-AFB9-E563CE215A3A}.Debug|x64.Build.0 = Debug|x64
		{DF098B29-C321-4329-AFB9-E563CE215A3A}.Debug|x86.ActiveCfg = Debug|Win32
		{DF098B29-C321-4329-AFB9-E563CE215A3A}.Debug|x86.Build.0 = Debug|Win32
		{DF098B29-C321-4329-AFB9-E563CE215A3A}.Release|x64.ActiveCfg = Release|x64
		{DF098B29-C321-4329-AFB9-E563CE215A3A}.Release|x64.Build.0 = Release|x64
		{DF098B29-C321-4329-AFB9-E563CE215A3A}.Release|x86.ActiveCfg = Release|Win32
		{DF098B29-C321-4329-AFB9-E563CE215A3A}.Release|x86.Build.0 = Release|Win32
		{AAC87D13-B971-4B40-9E93-058907265A8D}.Debug|x64.ActiveCfg = Debug|x64
		{AAC87D13-B971-4B40-9E93-058907265A8D}.Debug|x64.Build.0 = Debug|x64
		{AAC87D13-B971-4B40-9E93-058907265A8D}.Debug|x86.ActiveCfg = Debug|Win32
		{AAC87D13-B971-4B40-9E93-058907265A8D}.Debug|x86.Build.0 = Debug|Win32
		{AAC87D13-B971-4B40-9E93-058907265A8D}.Release|x64.ActiveCfg = Release|x64
		{AAC87D13-B971-4B40-9E93-058907265A8D}.Release|x64.Build.0 = Release|x64
		{AAC87D13-B971-4B40-9E93-058907265A8D}.Release|x86.ActiveCfg = Release|Win32
		{AAC87D13-B971-4B40-9E93-058907265A8D}.Release|x86.Build.0 = Release|Win32
		{6752F727-1370-43FD-AC4E-10C033283337}.Debug|x64.ActiveCfg = Debug|x64
		{6752F727-1370-43FD-AC4E-10C033283337}.Debug|x64.Build.0 = Debug|x64
		{6752F727-1370-43FD-AC4E-10C033283337}.Debug|x86.ActiveCfg = Debug|Win32
		{6752F727-1370-43FD-AC4E-10C033283337}.Debug|x86.Build.0 = Debug|Win32
		{6752F727-1370-43FD-AC4E-10C033283337}.Release|x64.ActiveCfg = Release|x64
		{6752F727-1370-43FD-AC4E-10C033283337}.Release|x64.Build.0 = Release|x64
		{6752F727-1370-43FD-AC4E-10C033283337}.Release|x86.ActiveCfg = Release|Win32
		{6752F727-1370-43FD-AC4E-10C033283337}.Release|x86.Build.0 = Release|Win32
		{096310CA-DE53-40E5-BEB3-1CF50A3F9605}.Debug|x64.ActiveCfg = Debug|x64
		{096310CA-DE53-40E5-BEB3-1CF50A3F9605}.Debug|x64.Build.0 = Debug|x64
		{096310CA-DE53-40E5-BEB3-1CF50A3F9605}.Debug|x86.ActiveCfg = Debug|Win32
		{096310CA-DE53-40E5-BEB3-1CF50A3F9605}.Debug|x86.Build.0 = Debug|Win32
		{096310CA-DE53-40E5-BEB3-1CF50A3F9605}.Release|x64.ActiveCfg = Release|x64
		{096310CA-DE53-40E5-BEB3-1CF50A3F9605}.Release|x64.Build.0 = Release|x64
		{096310CA-DE53-40E5-BEB3-1CF50A3F9605}.Release|x86.ActiveCfg = Release|Win32
		{096310CA-DE53-40E5-BEB3-1CF50A3F9605}.Release|x86.Build.0 = Release|Win32
		{4ABB6813-F2D8-40E9-85CA-96DC07DC3492}.Debug|x64.ActiveCfg = Debug|x64
		{4ABB6813-F2D8-40E9-85CA-96DC07DC3492}.Debug|x64.Build.0 = Debug|x64
		{4ABB6813-F2D8-40E9-85CA-96DC07DC3492}.Debug|x86.ActiveCfg = Debug|Win32
		{4ABB6813-F2D8-40E9-85CA-96DC07DC3492}.Debug|x86.Build.0 = Debug|Win32
		{4ABB6813-F2D8-40E9-85CA-96DC07DC3492}.Release|x64.ActiveCfg = Release|x64
		{4ABB6813-F2D8-40E9-85CA-96DC07DC3492}.Release|x64.Build.0 = Release|x64
		{4ABB6813-F2D8-40E9-85CA-96DC07DC3492}.Release|x86.ActiveCfg = Release|Win32
		{4ABB6813-F2D8-40E9-85CA-96DC07DC3492}.Release|x86.Build.0 = Release|Win32
		{EA5D4FDB-7AFF-438C-80B3-C9F7CAF45D06}.Debug|x64.ActiveCfg = Debug|x64
		{EA5D4FDB-7AFF-438C-80B3-C9F7CAF45D06}.Debug|x64.Build.0 = Debug|x64
		{EA5D4FDB-7AFF-438C-80B3-C9F7CAF45D06}.Debug|x86.ActiveCfg = Debug|Win32
		{EA5D4FDB-7AFF-438C-80B3-C9F7CAF45D06}.Debug|x86.Build.0 = Debug|Win32
		{EA5D4FDB-7AFF-438C-80B3-C9F7CAF45D06}.Release|x64.ActiveCfg = Release|x64
		{EA5D4FDB-7AFF-438C-80B3-C9F7CAF45D06}.Release|x64.Build.0 = Release|x64
		{EA5D4FDB-7AFF-438C-80B3-C9F7CAF45D06}.Release|x86.ActiveCfg = Release|Win32
		{EA5D4FDB-7AFF-438C-80B3-C9F7CAF45D06}.Release|x86.Build.0 = Release|Win32
		{8329C6B1-9526-417D-893B-041F9362E269}.Debug|x64.ActiveCfg = Debug|x64
		{8329C6B1-9526-417D-893B-041F9362E269}.Debug|x64.Build.0 = Debug|x64
		{8329C6B1-9526-417D-893B-041F9362E269}.Debug|x86.ActiveCfg = Debug|Win32
		{8329C6B1-9526-417D-893B-041F9362E269}.Debug|x86.Build.0 = Debug|Win32
		{8329C6B1-9526-417D-893B-041F9362E269}.Release|x64.ActiveCfg = Release|x64
		{8329C6B1-9526-417D-893B-041F9362E269}.Release|x64.Build.0 = Release|x64
		{8329C6B1-9526-417D-893B-041F9362E269}.Release|x86.ActiveCfg = Release|Win32
		{8329C6B1-9526-417D-893B-041F9362E269}.Release|x86.Build.0 = Release|Win32
		{F6E8C729-784A-46B1-A9F6-095E12EC84CF}.Debug|x64.ActiveCfg = Debug|x64
		{F6E8C729-784A-46B1-A9F6-095E12EC84CF}.Debug|x64.Build.0 = Debug|x64
		{F6E8C729-784A-46B1-A9F6-095E12EC84CF}.Debug|x86.ActiveCfg = Debug|Win32
		{F6E8C729-784A-46B1-A9F6-095E12EC84CF}.Debug|x86.Build.0 = Debug|Win32
		{F6E8C729-784A-46B1-A9F6-095E12EC84CF}.Release|x64.ActiveCfg = Release|x64
		{F6E8C729-784A-46B1-A9F6-095E12EC84CF}.Release|x64.Build.0 = Release|x64
		{F6E8C729-784A-46B1-A9F6-095E12EC84CF}.Release|x86.ActiveCfg = Release|Win32
		{F6E8C729-784A-46B1-A9F6-095E12EC84CF}.Release|x86.Build.0 = Release|Win32
		{5CDD8E5B-DB66-4A3B-92EF-D37E939D3464}.Debug|x64.ActiveCfg = Debug|x64
		{5CDD8E5B-DB66-4A3B-92EF-D37E939D3464}.Debug|x64.Build.0 = Debug|x64
		{5CDD8E5B-DB66-4A3B-92EF-D37E939D3464}.Debug|x86.ActiveCfg = Debug|Win32
		{5CDD8E5B-DB66-4A3B-92EF-D37E939D3464}.Debug|x86.Build.0 = Debug|Win32
		{5CDD8E5B-DB66-4A3B-92EF-D37E939D3464}.Release|x64.ActiveCfg = Release|x64
		{5CDD8E5B-DB66-4A3B-92EF-D37E939D3464}.Release|x64.Build.0 = Release|x64
		{5CDD8E5B-DB66-4A3B-92EF-D37E939D3464}.Release|x86.ActiveCfg = Release|Win32
		{5CDD8E5B-DB66-4A3B-92EF-D37E939D3464}.Release|x86.Build.0 = Release|Win32
		{95929D8B-6A62-416D-AEE9-778180DCA2ED}.Debug|x64.ActiveCfg = Debug|x64
		{95929D8B-6A62-416D-AEE9-778180DCA2ED}.Debug|x64.Build.0 = Debug|x64
		{95929D8B-6A62-416D-AEE9-778180DCA2ED}.Debug|x86.ActiveCfg = Debug|Win32
		{95929D8B-6A62-416D-AEE9-778180DCA2ED}.Debug|x86.Build.0 = Debug|Win32
		{95929D8B-6A62-416D-AEE9-778180DCA2ED}.Release|x64.ActiveCfg = Release|x64
		{95929D8B-6A62-416D-AEE9-778180DCA2ED}.Release|x64.Build.0 = Release|x64
		{95929D8B-6A62-416D-AEE9-778180DCA2ED}.Release|x86.ActiveCfg = Release|Win32
		{95929D8B-6A62-416D-AEE9-778180DCA2ED}.Release|x86.Build.0 = Release|Win32
		{B7DA6135-834F-4863-A9E4-9E362AE5E1B4}.Debug|x64.ActiveCfg = Debug|x64
		{B7DA6135-834F-4863-A9E4-9E362AE5E1B4}.Debug|x64.Build.0 = Debug|x64
		{B7DA6135-834F-4863-A9E4-9E362AE5E1B4}.Debug|x86.ActiveCfg = Debug|Win32
		{B7DA6135-834F-4863-A9E4-9E362AE5E1B4}.Debug|x86.Build.0 = Debug|Win32
		{B7DA6135-834F-4863-A9E4-9E362AE5E1B4}.Release|x64.ActiveCfg = Release|x64
		{B7DA6135-834F-4863-A9E4-9E362AE5E1B4}.Release|x64.Build.0 = Release|x64
		{B7DA6135-834F-4863-A9E4-9E362AE5E1B4}.Release|x86.ActiveCfg = Release|Win32
		{B7DA6135-834F-4863-A9E4-9E362AE5E1B4}.Release|x86.Build.0 = Release|Win32
		{C1E1A650-5A82-4EAC-B0F8-5067CEBEAA48}.Debug|x64.ActiveCfg = Debug|x64
		{C1E1A650-5A82-4EAC-B0F8-5067CEBEAA48}.Debug|x64.Build.0 = Debug|x64
		{C1E1A650-5A82-4EAC-B0F8-5067CEBEAA48}.Debug|x86.ActiveCfg = Debug|Win32
		{C1E1A650-5A82-4EAC-B0F8-5067CEBEAA48}.Debug|x86.Build.0 = Debug|Win32
		{C1E1A650-5A82-4EAC-B0F8-5067CEBEAA48}.Release|x64.ActiveCfg = Release|x64
		{C1E1A650-5A82-4EAC-B0F8-5067CEBEAA48}.Release|x64.Build.0 = Release|x64
		{C1E1A650-5A82-4EAC-B0F8-5067CEBEAA48}.Release|x86.ActiveCfg = Release|Win32
		{C1E1A650-5A82-4EAC-B0F8-5067CEBEAA48}.Release|x86.Build.0 = Release|Win32
		{1D0A9213-F987-451F-A141-88C2339043D5}.Debug|x64.ActiveCfg = Debug|x64
		{1D0A9213-F987-451F-A141-88C2339043D5}.Debug|x64.Build.0 = Debug|x64
		{1D0A9213-F987-451F-A141-88C2339043D5}.Debug|x86.ActiveCfg = Debug|Win32
		{1D0A9213-F987-451F-A141-88C2339043D5}.Debug|x86.Build.0 = Debug|Win32
		{1D0A9213-F987-451F-A141-88C2339043D5}.Release|x64.ActiveCfg = Release|x64
		{1D0A9213-F987-451F-A141-88C2339043D5}.Release|x64.Build.0 = Release|x64
		{1D0A9213-F987-451F-A141-88C2339043D5}.Release|x86.ActiveCfg = Release|Win32
		{1D0A9213-F987-451F-A141-88C2339043D5}.Release|x86.Build.0 = Release|Win32
		{F6302754-08CB-4B0B-A8D3-1EEADE9BEB72}.Debug|x64.ActiveCfg = Debug|x64
		{F6302754-08CB-4B0B-A8D3-1EEADE9BEB72}.Debug|x64.Build.0 = Debug|x64
		{F6302754-08CB-4B0B-A8D3-1EEADE9BEB72}.Debug|x86.ActiveCfg = Debug|Win32
		{F6302754-08CB-4B0B-A8D3-1EEADE9BEB72}.Debug|x86.Build.0 = Debug|Win32
		{F6302754-08CB-4B0B-A8D3-1EEADE9BEB72}.Release|x64.ActiveCfg = Release|x64
		{F6302754-08CB-4B0B-A8D3-1EEADE9BEB72}.Release|x64.Build.0 = Release|x64
		{F6302754-08CB-4B0B-A8D3-1EEADE9BEB72}.Release|x86.ActiveCfg = Release|Win32
		{F6302754-08CB-4B0B-A8D3-1EEADE9BEB72}.Release|x86.Build.0 = Release|Win32
		{6A96D92D-8DE6-4074-8DF8-892A2BAB2FDF}.Debug|x64.ActiveCfg = Debug|x64
		{6A96D92D-8DE6-4074-8DF8-892A2BAB2FDF}.Debug|x64.Build.0 = Debug|x64
		{6A96D92D-8DE6-4074-8DF8-892A2BAB2FDF}.Debug|x86.ActiveCfg = Debug|Win32
		{6A96D92D-8DE6-4074-8DF8-892A2BAB2FDF}.Debug|x86.Build.0 = Debug|Win32
		{6A96D92D-8DE6-4074-8DF8-892A2BAB2FDF}.Release|x64.ActiveCfg = Release|x64
		{6A96D92D-8DE6-4074-8DF8-892A2BAB2FDF}.Release|x64.Build.0 = Release|x64
		{6A96D92D-8DE6-4074-8DF8-892A2BAB2FDF}.Release|x86.ActiveCfg = Release|Win32
		{6A96D92D-8DE6-4074-8DF8-892A2BAB2FDF}.Release|x86.Build.0 = Release|Win32
		{EEE0E171-FDC6-4C79-94BA-875B871B9FC8}.Debug|x64.ActiveCfg = Debug|x64
		{EEE0E171-FDC6-4C79-94BA-875B871B9FC8}.Debug|x64.Build.0 = Debug|x64
		{EEE0E171-FDC6-4C79-94BA-875B871B9FC8}.Debug|x86.ActiveCfg = Debug|Win32
		{EEE0E171-FDC6-4C79-94BA-875B871B9FC8}.Debug|x86.Build.0 = Debug|Win32
		{EEE0E171-FDC6-4C79-94BA-875B871B9FC8}.Release|x64.ActiveCfg = Release|x64
		{EEE0E171-FDC6-4C79-94BA-875B871B9FC8}.Release|x64.Build.0 = Release|x64
		{EEE0E171-FDC6-4C79-94BA-875B871B9FC8}.Release|x86.ActiveCfg = Release|Win32
		{EEE0E171-FDC6-4C79-94BA-875B871B9FC8}.Release|x86.Build.0 = Release|Win32
	EndGlobalSection
	GlobalSection(SolutionProperties) = preSolution
		HideSolutionNode = FALSE
	EndGlobalSection
	GlobalSection(ExtensibilityGlobals) = postSolution
		SolutionGuid = {B1E3B585-21BF-4956-841C-7C510B548D00}
	EndGlobalSection
EndGlobal
